
Microsoft Visual Studio Solution File, Format Version 12.00
# Visual Studio 15
VisualStudioVersion = 15.0.26124.0
MinimumVisualStudioVersion = 15.0.26124.0
Project("{9A19103F-16F7-4668-BE54-9A1E7A4F7556}") = "A", "a\A.csproj", "{3F718C9A-6B7B-4D72-95DF-9B9F4F4CB864}"
EndProject
Project("{FAE04EC0-301F-11D3-BF4B-00C04F79EFBC}") = "B", "B\B.csproj", "{C4B35E5A-8566-4329-AB24-BF2B7F0C6FD3}"
EndProject
Project("{FAE04EC0-301F-11D3-BF4B-00C04F79EFBC}") = "C", "C\C.csproj", "{BAEC56DE-5F45-4E07-B855-BC85D2BA1838}"
EndProject
Global
	GlobalSection(SolutionConfigurationPlatforms) = preSolution
		Debug|Any CPU = Debug|Any CPU
		Debug|x64 = Debug|x64
		Debug|x86 = Debug|x86
		Release|Any CPU = Release|Any CPU
		Release|x64 = Release|x64
		Release|x86 = Release|x86
	EndGlobalSection
	GlobalSection(ProjectConfigurationPlatforms) = postSolution
		{3F718C9A-6B7B-4D72-95DF-9B9F4F4CB864}.Debug|Any CPU.ActiveCfg = Debug|Any CPU
		{3F718C9A-6B7B-4D72-95DF-9B9F4F4CB864}.Debug|Any CPU.Build.0 = Debug|Any CPU
		{3F718C9A-6B7B-4D72-95DF-9B9F4F4CB864}.Debug|x64.ActiveCfg = Debug|Any CPU
		{3F718C9A-6B7B-4D72-95DF-9B9F4F4CB864}.Debug|x64.Build.0 = Debug|Any CPU
		{3F718C9A-6B7B-4D72-95DF-9B9F4F4CB864}.Debug|x86.ActiveCfg = Debug|Any CPU
		{3F718C9A-6B7B-4D72-95DF-9B9F4F4CB864}.Debug|x86.Build.0 = Debug|Any CPU
		{3F718C9A-6B7B-4D72-95DF-9B9F4F4CB864}.Release|Any CPU.ActiveCfg = Release|Any CPU
		{3F718C9A-6B7B-4D72-95DF-9B9F4F4CB864}.Release|Any CPU.Build.0 = Release|Any CPU
		{3F718C9A-6B7B-4D72-95DF-9B9F4F4CB864}.Release|x64.ActiveCfg = Release|Any CPU
		{3F718C9A-6B7B-4D72-95DF-9B9F4F4CB864}.Release|x64.Build.0 = Release|Any CPU
		{3F718C9A-6B7B-4D72-95DF-9B9F4F4CB864}.Release|x86.ActiveCfg = Release|Any CPU
		{3F718C9A-6B7B-4D72-95DF-9B9F4F4CB864}.Release|x86.Build.0 = Release|Any CPU
		{C4B35E5A-8566-4329-AB24-BF2B7F0C6FD3}.Debug|Any CPU.ActiveCfg = Debug|Any CPU
		{C4B35E5A-8566-4329-AB24-BF2B7F0C6FD3}.Debug|Any CPU.Build.0 = Debug|Any CPU
		{C4B35E5A-8566-4329-AB24-BF2B7F0C6FD3}.Debug|x64.ActiveCfg = Debug|Any CPU
		{C4B35E5A-8566-4329-AB24-BF2B7F0C6FD3}.Debug|x64.Build.0 = Debug|Any CPU
		{C4B35E5A-8566-4329-AB24-BF2B7F0C6FD3}.Debug|x86.ActiveCfg = Debug|Any CPU
		{C4B35E5A-8566-4329-AB24-BF2B7F0C6FD3}.Debug|x86.Build.0 = Debug|Any CPU
		{C4B35E5A-8566-4329-AB24-BF2B7F0C6FD3}.Release|Any CPU.ActiveCfg = Release|Any CPU
		{C4B35E5A-8566-4329-AB24-BF2B7F0C6FD3}.Release|Any CPU.Build.0 = Release|Any CPU
		{C4B35E5A-8566-4329-AB24-BF2B7F0C6FD3}.Release|x64.ActiveCfg = Release|Any CPU
		{C4B35E5A-8566-4329-AB24-BF2B7F0C6FD3}.Release|x64.Build.0 = Release|Any CPU
		{C4B35E5A-8566-4329-AB24-BF2B7F0C6FD3}.Release|x86.ActiveCfg = Release|Any CPU
		{C4B35E5A-8566-4329-AB24-BF2B7F0C6FD3}.Release|x86.Build.0 = Release|Any CPU
		{BAEC56DE-5F45-4E07-B855-BC85D2BA1838}.Debug|Any CPU.ActiveCfg = Debug|Any CPU
		{BAEC56DE-5F45-4E07-B855-BC85D2BA1838}.Debug|Any CPU.Build.0 = Debug|Any CPU
		{BAEC56DE-5F45-4E07-B855-BC85D2BA1838}.Debug|x64.ActiveCfg = Debug|Any CPU
		{BAEC56DE-5F45-4E07-B855-BC85D2BA1838}.Debug|x64.Build.0 = Debug|Any CPU
		{BAEC56DE-5F45-4E07-B855-BC85D2BA1838}.Debug|x86.ActiveCfg = Debug|Any CPU
		{BAEC56DE-5F45-4E07-B855-BC85D2BA1838}.Debug|x86.Build.0 = Debug|Any CPU
		{BAEC56DE-5F45-4E07-B855-BC85D2BA1838}.Release|Any CPU.ActiveCfg = Release|Any CPU
		{BAEC56DE-5F45-4E07-B855-BC85D2BA1838}.Release|Any CPU.Build.0 = Release|Any CPU
		{BAEC56DE-5F45-4E07-B855-BC85D2BA1838}.Release|x64.ActiveCfg = Release|Any CPU
		{BAEC56DE-5F45-4E07-B855-BC85D2BA1838}.Release|x64.Build.0 = Release|Any CPU
		{BAEC56DE-5F45-4E07-B855-BC85D2BA1838}.Release|x86.ActiveCfg = Release|Any CPU
		{BAEC56DE-5F45-4E07-B855-BC85D2BA1838}.Release|x86.Build.0 = Release|Any CPU
	EndGlobalSection
	GlobalSection(SolutionProperties) = preSolution
		HideSolutionNode = FALSE
	EndGlobalSection
	GlobalSection(ExtensibilityGlobals) = postSolution
		SolutionGuid = {7B175B38-206E-4397-85A3-DD8D8FC6A6AA}
	EndGlobalSection
EndGlobal
